
Microsoft Visual Studio Solution File, Format Version 12.00
# Visual Studio Version 17
VisualStudioVersion = 17.0.31919.166
MinimumVisualStudioVersion = 10.0.40219.1
Project("{9A19103F-16F7-4668-BE54-9A1E7A4F7556}") = "Community.Azure.Cosmos", "Community.Azure.Cosmos\Community.Azure.Cosmos.csproj", "{61287B4C-55E6-4EB0-8CC8-DCA62C3EEEF3}"
EndProject
Project("{9A19103F-16F7-4668-BE54-9A1E7A4F7556}") = "Benchmark", "Benchmark\Benchmark.csproj", "{345EEC74-B508-4FE5-AE3A-3A1073DDA61E}"
EndProject
Project("{9A19103F-16F7-4668-BE54-9A1E7A4F7556}") = "Community.Azure.Cosmos.IntegrationTests", "Community.Azure.Cosmos.IntegrationTests\Community.Azure.Cosmos.IntegrationTests.csproj", "{3E52A207-1153-433F-B0BE-90B8C5EB48DC}"
EndProject
Project("{2150E333-8FDC-42A3-9474-1A3956D46DE8}") = "Solution Items", "Solution Items", "{DC31733B-5541-45CF-B569-5972625BE3AC}"
	ProjectSection(SolutionItems) = preProject
		.gitattributes = .gitattributes
		.gitignore = .gitignore
		LICENSE = LICENSE
	EndProjectSection
EndProject
Project("{9A19103F-16F7-4668-BE54-9A1E7A4F7556}") = "Community.Azure.Cosmos.Tests", "Community.Azure.Cosmos.Tests\Community.Azure.Cosmos.Tests.csproj", "{F73F8C0C-AD45-49F9-B364-D20C30ADE8DA}"
EndProject
Project("{2150E333-8FDC-42A3-9474-1A3956D46DE8}") = "CosmosDb", "CosmosDb", "{F370FA23-4F5A-4C26-9B64-F931C425A271}"
EndProject
Project("{2150E333-8FDC-42A3-9474-1A3956D46DE8}") = "SampleDam", "SampleDam", "{EA64E229-CE28-41E1-B69E-517BF9CB114B}"
EndProject
Project("{FAE04EC0-301F-11D3-BF4B-00C04F79EFBC}") = "Dam.Model", "sample\Dam.Model\Dam.Model.csproj", "{60554C7C-E18D-4967-A0D7-2807E08A2095}"
EndProject
Global
	GlobalSection(SolutionConfigurationPlatforms) = preSolution
		Debug|Any CPU = Debug|Any CPU
		Release|Any CPU = Release|Any CPU
	EndGlobalSection
	GlobalSection(ProjectConfigurationPlatforms) = postSolution
		{61287B4C-55E6-4EB0-8CC8-DCA62C3EEEF3}.Debug|Any CPU.ActiveCfg = Debug|Any CPU
		{61287B4C-55E6-4EB0-8CC8-DCA62C3EEEF3}.Debug|Any CPU.Build.0 = Debug|Any CPU
		{61287B4C-55E6-4EB0-8CC8-DCA62C3EEEF3}.Release|Any CPU.ActiveCfg = Release|Any CPU
		{61287B4C-55E6-4EB0-8CC8-DCA62C3EEEF3}.Release|Any CPU.Build.0 = Release|Any CPU
		{345EEC74-B508-4FE5-AE3A-3A1073DDA61E}.Debug|Any CPU.ActiveCfg = Debug|Any CPU
		{345EEC74-B508-4FE5-AE3A-3A1073DDA61E}.Debug|Any CPU.Build.0 = Debug|Any CPU
		{345EEC74-B508-4FE5-AE3A-3A1073DDA61E}.Release|Any CPU.ActiveCfg = Release|Any CPU
		{345EEC74-B508-4FE5-AE3A-3A1073DDA61E}.Release|Any CPU.Build.0 = Release|Any CPU
		{3E52A207-1153-433F-B0BE-90B8C5EB48DC}.Debug|Any CPU.ActiveCfg = Debug|Any CPU
		{3E52A207-1153-433F-B0BE-90B8C5EB48DC}.Debug|Any CPU.Build.0 = Debug|Any CPU
		{3E52A207-1153-433F-B0BE-90B8C5EB48DC}.Release|Any CPU.ActiveCfg = Release|Any CPU
		{3E52A207-1153-433F-B0BE-90B8C5EB48DC}.Release|Any CPU.Build.0 = Release|Any CPU
		{F73F8C0C-AD45-49F9-B364-D20C30ADE8DA}.Debug|Any CPU.ActiveCfg = Debug|Any CPU
		{F73F8C0C-AD45-49F9-B364-D20C30ADE8DA}.Debug|Any CPU.Build.0 = Debug|Any CPU
		{F73F8C0C-AD45-49F9-B364-D20C30ADE8DA}.Release|Any CPU.ActiveCfg = Release|Any CPU
		{F73F8C0C-AD45-49F9-B364-D20C30ADE8DA}.Release|Any CPU.Build.0 = Release|Any CPU
		{60554C7C-E18D-4967-A0D7-2807E08A2095}.Debug|Any CPU.ActiveCfg = Debug|Any CPU
		{60554C7C-E18D-4967-A0D7-2807E08A2095}.Debug|Any CPU.Build.0 = Debug|Any CPU
		{60554C7C-E18D-4967-A0D7-2807E08A2095}.Release|Any CPU.ActiveCfg = Release|Any CPU
		{60554C7C-E18D-4967-A0D7-2807E08A2095}.Release|Any CPU.Build.0 = Release|Any CPU
	EndGlobalSection
	GlobalSection(SolutionProperties) = preSolution
		HideSolutionNode = FALSE
	EndGlobalSection
	GlobalSection(NestedProjects) = preSolution
		{61287B4C-55E6-4EB0-8CC8-DCA62C3EEEF3} = {F370FA23-4F5A-4C26-9B64-F931C425A271}
		{345EEC74-B508-4FE5-AE3A-3A1073DDA61E} = {F370FA23-4F5A-4C26-9B64-F931C425A271}
		{3E52A207-1153-433F-B0BE-90B8C5EB48DC} = {F370FA23-4F5A-4C26-9B64-F931C425A271}
		{F73F8C0C-AD45-49F9-B364-D20C30ADE8DA} = {F370FA23-4F5A-4C26-9B64-F931C425A271}
		{60554C7C-E18D-4967-A0D7-2807E08A2095} = {EA64E229-CE28-41E1-B69E-517BF9CB114B}
	EndGlobalSection
	GlobalSection(ExtensibilityGlobals) = postSolution
		SolutionGuid = {46AC04CD-CC51-4D46-94D4-50EDA577842A}
	EndGlobalSection
EndGlobal
